PODS:
  - Atributika (3.1.4)
  - ChargeBack (1.0.0):
    - Atributika (= 3.1.4)
    - HexColors (~> 5.0)
    - NibDesignable (= 3.0.0)
    - PKHUD (= 4.2.0)
    - SevenSwitch (~> 2.1)
  - HexColors (5.0.1)
  - NibDesignable (3.0.0)
  - PKHUD (4.2.0)
  - SevenSwitch (2.1.0)
  - SwiftLint (0.16.1)

DEPENDENCIES:
  - Atributika
  - ChargeBack (from `.`)
  - HexColors (~> 5.0)
  - NibDesignable (= 3.0.0)
  - PKHUD
  - SevenSwitch (~> 2.1)
  - SwiftLint

EXTERNAL SOURCES:
  ChargeBack:
    :path: "."

SPEC CHECKSUMS:
  Atributika: 3508639d03604c956d6b0aa186de964d2c1ff6c1
  ChargeBack: 84f1242df2bf7556cef839cf44d92034301edc4a
  HexColors: d642e696de77aa919584012e80bf62a4b099cee1
  NibDesignable: 6ccf1e54135cb05be0a78f803b9a8d78125a7d6d
  PKHUD: 48af884cf00c2213b0313b739d914e6cab1c0f5e
  SevenSwitch: 5543327829b7bec5b29b73bad5f3cc3f92c1736d
  SwiftLint: b8b683208cc09640898f16318a7a452274e91f61

PODFILE CHECKSUM: 2bf5d67b1ec0a83eaa5a6c40c66af17ee9fb99cc

COCOAPODS: 1.2.0
