PODS:
  - ChargeBack (1.0.0):
    - NibDesignable (= 3.0.0)
    - PKHUD (= 4.2.0)
  - NibDesignable (3.0.0)
  - PKHUD (4.2.0)
  - SwiftLint (0.16.1)

DEPENDENCIES:
  - ChargeBack (from `.`)
  - NibDesignable (= 3.0.0)
  - PKHUD
  - SwiftLint

EXTERNAL SOURCES:
  ChargeBack:
    :path: "."

SPEC CHECKSUMS:
  ChargeBack: 168db32717b3d3330d6fcc9f065eb7dfcd25a510
  NibDesignable: 6ccf1e54135cb05be0a78f803b9a8d78125a7d6d
  PKHUD: 48af884cf00c2213b0313b739d914e6cab1c0f5e
  SwiftLint: b8b683208cc09640898f16318a7a452274e91f61

PODFILE CHECKSUM: 92ea5393085d475f01b95b2dc13bc6dffb888219

COCOAPODS: 1.2.0
