// !$*UTF8*$!
{
	archiveVersion = 1;
	classes = {
	};
	objectVersion = 46;
	objects = {

/* Begin PBXBuildFile section */
		8C0A3AFF1E7A18D100E73F71 /* AppDelegate.swift in Sources */ = {isa = PBXBuildFile; fileRef = 8C0A3AFE1E7A18D100E73F71 /* AppDelegate.swift */; };
		8C0A3B011E7A18D100E73F71 /* ViewController.swift in Sources */ = {isa = PBXBuildFile; fileRef = 8C0A3B001E7A18D100E73F71 /* ViewController.swift */; };
		8C0A3B041E7A18D100E73F71 /* Main.storyboard in Resources */ = {isa = PBXBuildFile; fileRef = 8C0A3B021E7A18D100E73F71 /* Main.storyboard */; };
		8C0A3B061E7A18D100E73F71 /* Assets.xcassets in Resources */ = {isa = PBXBuildFile; fileRef = 8C0A3B051E7A18D100E73F71 /* Assets.xcassets */; };
		8C0A3B091E7A18D100E73F71 /* LaunchScreen.storyboard in Resources */ = {isa = PBXBuildFile; fileRef = 8C0A3B071E7A18D100E73F71 /* LaunchScreen.storyboard */; };
		8C271BE11E81397100CB6438 /* ViewProtocols.swift in Sources */ = {isa = PBXBuildFile; fileRef = 8C271BE01E81397100CB6438 /* ViewProtocols.swift */; };
		8C271BE31E8159D800CB6438 /* ModelRequester.swift in Sources */ = {isa = PBXBuildFile; fileRef = 8C271BE21E8159D800CB6438 /* ModelRequester.swift */; };
		8C271BE81E815C3D00CB6438 /* ChargeBackView.swift in Sources */ = {isa = PBXBuildFile; fileRef = 8C271BE51E815C3D00CB6438 /* ChargeBackView.swift */; };
		8C271BE91E815C3D00CB6438 /* ChargeBackView.xib in Resources */ = {isa = PBXBuildFile; fileRef = 8C271BE61E815C3D00CB6438 /* ChargeBackView.xib */; };
		8C271BEA1E815C3D00CB6438 /* ChargeBackViewModel.swift in Sources */ = {isa = PBXBuildFile; fileRef = 8C271BE71E815C3D00CB6438 /* ChargeBackViewModel.swift */; };
		8C271BF11E81603600CB6438 /* ResultView.swift in Sources */ = {isa = PBXBuildFile; fileRef = 8C271BED1E81603600CB6438 /* ResultView.swift */; };
		8C271BF21E81603600CB6438 /* ResultView.xib in Resources */ = {isa = PBXBuildFile; fileRef = 8C271BEE1E81603600CB6438 /* ResultView.xib */; };
		8C271BF31E81603600CB6438 /* ResultViewController.swift in Sources */ = {isa = PBXBuildFile; fileRef = 8C271BEF1E81603600CB6438 /* ResultViewController.swift */; };
		8C271BF41E81603600CB6438 /* ResultViewModel.swift in Sources */ = {isa = PBXBuildFile; fileRef = 8C271BF01E81603600CB6438 /* ResultViewModel.swift */; };
		8C271BF71E816C0C00CB6438 /* NoticeModel.swift in Sources */ = {isa = PBXBuildFile; fileRef = 8C271BF61E816C0C00CB6438 /* NoticeModel.swift */; };
		8C271BF91E81724A00CB6438 /* BlockCardRequester.swift in Sources */ = {isa = PBXBuildFile; fileRef = 8C271BF81E81724A00CB6438 /* BlockCardRequester.swift */; };
		8C271BFF1E8212B700CB6438 /* LockerView.swift in Sources */ = {isa = PBXBuildFile; fileRef = 8C271BFB1E8212B700CB6438 /* LockerView.swift */; };
		8C271C001E8212B700CB6438 /* LockerView.xib in Resources */ = {isa = PBXBuildFile; fileRef = 8C271BFC1E8212B700CB6438 /* LockerView.xib */; };
		8C2FE8591E8083A100A25059 /* ChargeBack.storyboard in Resources */ = {isa = PBXBuildFile; fileRef = 8C2FE8581E8083A100A25059 /* ChargeBack.storyboard */; };
		8C2FE85E1E8083F700A25059 /* NoticeView.swift in Sources */ = {isa = PBXBuildFile; fileRef = 8C2FE85A1E8083F700A25059 /* NoticeView.swift */; };
		8C2FE85F1E8083F700A25059 /* NoticeView.xib in Resources */ = {isa = PBXBuildFile; fileRef = 8C2FE85B1E8083F700A25059 /* NoticeView.xib */; };
		8C2FE8601E8083F700A25059 /* NoticeViewController.swift in Sources */ = {isa = PBXBuildFile; fileRef = 8C2FE85C1E8083F700A25059 /* NoticeViewController.swift */; };
		8C2FE8611E8083F700A25059 /* NoticeViewModel.swift in Sources */ = {isa = PBXBuildFile; fileRef = 8C2FE85D1E8083F700A25059 /* NoticeViewModel.swift */; };
		8CA322D31E80B24800C83589 /* Storyboards.swift in Sources */ = {isa = PBXBuildFile; fileRef = 8CA322D21E80B24800C83589 /* Storyboards.swift */; };
		8CD191461E808B5F0022BFB3 /* NuColors.swift in Sources */ = {isa = PBXBuildFile; fileRef = 8C0A3B791E7C15DC00E73F71 /* NuColors.swift */; };
		8CD191471E808B630022BFB3 /* ChargeBackViewController.swift in Sources */ = {isa = PBXBuildFile; fileRef = 8C2FE8491E807CA600A25059 /* ChargeBackViewController.swift */; };
		8CD191481E808D270022BFB3 /* APIDefinition.swift in Sources */ = {isa = PBXBuildFile; fileRef = 8C0A3B501E7A195500E73F71 /* APIDefinition.swift */; };
		8CD191491E808D300022BFB3 /* Requester.swift in Sources */ = {isa = PBXBuildFile; fileRef = 8C0A3B691E7B3A3400E73F71 /* Requester.swift */; };
		8CD1914A1E808D300022BFB3 /* EndpointRequester.swift in Sources */ = {isa = PBXBuildFile; fileRef = 8C0A3B6C1E7BFCE200E73F71 /* EndpointRequester.swift */; };
		8CD1914B1E808D390022BFB3 /* entry.json in Resources */ = {isa = PBXBuildFile; fileRef = 8C0A3B5A1E7B377600E73F71 /* entry.json */; };
		8CD1914C1E808D390022BFB3 /* doChargeback.json in Resources */ = {isa = PBXBuildFile; fileRef = 8C2FE84C1E80806000A25059 /* doChargeback.json */; };
		8CD1914D1E808D390022BFB3 /* notice.json in Resources */ = {isa = PBXBuildFile; fileRef = 8C0A3B5C1E7B379100E73F71 /* notice.json */; };
		8CD1914E1E808D390022BFB3 /* chargeback.json in Resources */ = {isa = PBXBuildFile; fileRef = 8C0A3B601E7B37DB00E73F71 /* chargeback.json */; };
		8CD1914F1E808D3E0022BFB3 /* ChargebackRequester.swift in Sources */ = {isa = PBXBuildFile; fileRef = 8C0A3B741E7C0E7700E73F71 /* ChargebackRequester.swift */; };
		8CD191511E808D3E0022BFB3 /* ChargeBack.swift in Sources */ = {isa = PBXBuildFile; fileRef = 8C0A3B771E7C0E8F00E73F71 /* ChargeBack.swift */; };
		8CD191521E808D430022BFB3 /* NoticeRequester.swift in Sources */ = {isa = PBXBuildFile; fileRef = 8C0A3B6E1E7C003F00E73F71 /* NoticeRequester.swift */; };
		8CD191541E808D430022BFB3 /* Notice.swift in Sources */ = {isa = PBXBuildFile; fileRef = 8C0A3B701E7C0DBF00E73F71 /* Notice.swift */; };
		8CD191561E808D470022BFB3 /* EntryPointRequester.swift in Sources */ = {isa = PBXBuildFile; fileRef = 8C0A3B641E7B384000E73F71 /* EntryPointRequester.swift */; };
		8CE4E0DF1E82A3CF00535C6C /* ChargeBack.framework in Frameworks */ = {isa = PBXBuildFile; fileRef = 8CE4E0D61E82A3CF00535C6C /* ChargeBack.framework */; };
		8CE4E0E81E82A3CF00535C6C /* ChargeBack.h in Headers */ = {isa = PBXBuildFile; fileRef = 8CE4E0D81E82A3CF00535C6C /* ChargeBack.h */; settings = {ATTRIBUTES = (Public, ); }; };
		8CE4E0EB1E82A3CF00535C6C /* ChargeBack.framework in Frameworks */ = {isa = PBXBuildFile; fileRef = 8CE4E0D61E82A3CF00535C6C /* ChargeBack.framework */; };
		8CE4E0EC1E82A3CF00535C6C /* ChargeBack.framework in Embed Frameworks */ = {isa = PBXBuildFile; fileRef = 8CE4E0D61E82A3CF00535C6C /* ChargeBack.framework */; settings = {ATTRIBUTES = (CodeSignOnCopy, RemoveHeadersOnCopy, ); }; };
		BB7DDB480A3E3AFDA624CDC6 /* Pods_ChargeBack.framework in Frameworks */ = {isa = PBXBuildFile; fileRef = DBB1D89D2AE64D6FD87DA25B /* Pods_ChargeBack.framework */; };
		BE9C2764254BC566CBDFB7DE /* Pods_ChargeBack.framework in Frameworks */ = {isa = PBXBuildFile; fileRef = DBB1D89D2AE64D6FD87DA25B /* Pods_ChargeBack.framework */; };
		ED3A34C69136C2166CD6ADE2 /* Pods_ChargeBackDemo.framework in Frameworks */ = {isa = PBXBuildFile; fileRef = 52F8F898AD9E0BFA0CA28521 /* Pods_ChargeBackDemo.framework */; };
/* End PBXBuildFile section */

/* Begin PBXContainerItemProxy section */
		8CE4E0E01E82A3CF00535C6C /* PBXContainerItemProxy */ = {
			isa = PBXContainerItemProxy;
			containerPortal = 8C0A3AF31E7A18D100E73F71 /* Project object */;
			proxyType = 1;
			remoteGlobalIDString = 8CE4E0D51E82A3CF00535C6C;
			remoteInfo = ChargeBack;
		};
		8CE4E0E21E82A3CF00535C6C /* PBXContainerItemProxy */ = {
			isa = PBXContainerItemProxy;
			containerPortal = 8C0A3AF31E7A18D100E73F71 /* Project object */;
			proxyType = 1;
			remoteGlobalIDString = 8C0A3AFA1E7A18D100E73F71;
			remoteInfo = ChargeBackDemo;
		};
		8CE4E0E91E82A3CF00535C6C /* PBXContainerItemProxy */ = {
			isa = PBXContainerItemProxy;
			containerPortal = 8C0A3AF31E7A18D100E73F71 /* Project object */;
			proxyType = 1;
			remoteGlobalIDString = 8CE4E0D51E82A3CF00535C6C;
			remoteInfo = ChargeBack;
		};
/* End PBXContainerItemProxy section */

/* Begin PBXCopyFilesBuildPhase section */
		8C0A3B4C1E7A191800E73F71 /* Embed Frameworks */ = {
			isa = PBXCopyFilesBuildPhase;
			buildActionMask = 2147483647;
			dstPath = "";
			dstSubfolderSpec = 10;
			files = (
				8CE4E0EC1E82A3CF00535C6C /* ChargeBack.framework in Embed Frameworks */,
			);
			name = "Embed Frameworks";
			runOnlyForDeploymentPostprocessing = 0;
		};
/* End PBXCopyFilesBuildPhase section */

/* Begin PBXFileReference section */
		04D6914B932D0B6399503F0B /* Pods-ChargeBackDemoTests.release.xcconfig */ = {isa = PBXFileReference; includeInIndex = 1; lastKnownFileType = text.xcconfig; name = "Pods-ChargeBackDemoTests.release.xcconfig"; path = "Pods/Target Support Files/Pods-ChargeBackDemoTests/Pods-ChargeBackDemoTests.release.xcconfig"; sourceTree = "<group>"; };
		2CD394BE9C140FDAE2E03848 /* Pods_ChargeBackAPITests.framework */ = {isa = PBXFileReference; explicitFileType = wrapper.framework; includeInIndex = 0; path = Pods_ChargeBackAPITests.framework; sourceTree = BUILT_PRODUCTS_DIR; };
		398F0902B7188B0C25AC28C5 /* Pods-ChargeBackAPITests.release.xcconfig */ = {isa = PBXFileReference; includeInIndex = 1; lastKnownFileType = text.xcconfig; name = "Pods-ChargeBackAPITests.release.xcconfig"; path = "Pods/Target Support Files/Pods-ChargeBackAPITests/Pods-ChargeBackAPITests.release.xcconfig"; sourceTree = "<group>"; };
		52F8F898AD9E0BFA0CA28521 /* Pods_ChargeBackDemo.framework */ = {isa = PBXFileReference; explicitFileType = wrapper.framework; includeInIndex = 0; path = Pods_ChargeBackDemo.framework; sourceTree = BUILT_PRODUCTS_DIR; };
		765252BBFAFADADDB46BCD36 /* Pods_ChargeBackUITests.framework */ = {isa = PBXFileReference; explicitFileType = wrapper.framework; includeInIndex = 0; path = Pods_ChargeBackUITests.framework; sourceTree = BUILT_PRODUCTS_DIR; };
		76887013B05D5BC10097693B /* Pods-ChargeBackDemo.release.xcconfig */ = {isa = PBXFileReference; includeInIndex = 1; lastKnownFileType = text.xcconfig; name = "Pods-ChargeBackDemo.release.xcconfig"; path = "Pods/Target Support Files/Pods-ChargeBackDemo/Pods-ChargeBackDemo.release.xcconfig"; sourceTree = "<group>"; };
		7ABDD4CE1228CDF9DAB9287A /* Pods_ChargeBackDemoTests.framework */ = {isa = PBXFileReference; explicitFileType = wrapper.framework; includeInIndex = 0; path = Pods_ChargeBackDemoTests.framework; sourceTree = BUILT_PRODUCTS_DIR; };
		84738B190A95E7813855AB79 /* Pods-ChargeBackDemo.debug.xcconfig */ = {isa = PBXFileReference; includeInIndex = 1; lastKnownFileType = text.xcconfig; name = "Pods-ChargeBackDemo.debug.xcconfig"; path = "Pods/Target Support Files/Pods-ChargeBackDemo/Pods-ChargeBackDemo.debug.xcconfig"; sourceTree = "<group>"; };
		8AC34ED2C1A96B867231D74D /* Pods-ChargeBack.debug.xcconfig */ = {isa = PBXFileReference; includeInIndex = 1; lastKnownFileType = text.xcconfig; name = "Pods-ChargeBack.debug.xcconfig"; path = "Pods/Target Support Files/Pods-ChargeBack/Pods-ChargeBack.debug.xcconfig"; sourceTree = "<group>"; };
		8C0A3AFB1E7A18D100E73F71 /* ChargeBackDemo.app */ = {isa = PBXFileReference; explicitFileType = wrapper.application; includeInIndex = 0; path = ChargeBackDemo.app; sourceTree = BUILT_PRODUCTS_DIR; };
		8C0A3AFE1E7A18D100E73F71 /* AppDelegate.swift */ = {isa = PBXFileReference; lastKnownFileType = sourcecode.swift; path = AppDelegate.swift; sourceTree = "<group>"; };
		8C0A3B001E7A18D100E73F71 /* ViewController.swift */ = {isa = PBXFileReference; lastKnownFileType = sourcecode.swift; path = ViewController.swift; sourceTree = "<group>"; };
		8C0A3B031E7A18D100E73F71 /* Base */ = {isa = PBXFileReference; lastKnownFileType = file.storyboard; name = Base; path = Base.lproj/Main.storyboard; sourceTree = "<group>"; };
		8C0A3B051E7A18D100E73F71 /* Assets.xcassets */ = {isa = PBXFileReference; lastKnownFileType = folder.assetcatalog; path = Assets.xcassets; sourceTree = "<group>"; };
		8C0A3B081E7A18D100E73F71 /* Base */ = {isa = PBXFileReference; lastKnownFileType = file.storyboard; name = Base; path = Base.lproj/LaunchScreen.storyboard; sourceTree = "<group>"; };
		8C0A3B0A1E7A18D100E73F71 /* Info.plist */ = {isa = PBXFileReference; lastKnownFileType = text.plist.xml; path = Info.plist; sourceTree = "<group>"; };
		8C0A3B151E7A18D100E73F71 /* Info.plist */ = {isa = PBXFileReference; lastKnownFileType = text.plist.xml; path = Info.plist; sourceTree = "<group>"; };
		8C0A3B411E7A191800E73F71 /* LoadingMockedJSONTests.swift */ = {isa = PBXFileReference; lastKnownFileType = sourcecode.swift; name = LoadingMockedJSONTests.swift; path = ../ChargeBackTests/LoadingMockedJSONTests.swift; sourceTree = "<group>"; };
		8C0A3B501E7A195500E73F71 /* APIDefinition.swift */ = {isa = PBXFileReference; fileEncoding = 4; lastKnownFileType = sourcecode.swift; path = APIDefinition.swift; sourceTree = "<group>"; };
		8C0A3B5A1E7B377600E73F71 /* entry.json */ = {isa = PBXFileReference; fileEncoding = 4; lastKnownFileType = text.json; path = entry.json; sourceTree = "<group>"; };
		8C0A3B5C1E7B379100E73F71 /* notice.json */ = {isa = PBXFileReference; fileEncoding = 4; lastKnownFileType = text.json; path = notice.json; sourceTree = "<group>"; };
		8C0A3B601E7B37DB00E73F71 /* chargeback.json */ = {isa = PBXFileReference; fileEncoding = 4; lastKnownFileType = text.json; path = chargeback.json; sourceTree = "<group>"; };
		8C0A3B641E7B384000E73F71 /* EntryPointRequester.swift */ = {isa = PBXFileReference; fileEncoding = 4; lastKnownFileType = sourcecode.swift; path = EntryPointRequester.swift; sourceTree = "<group>"; };
		8C0A3B661E7B39BA00E73F71 /* EntryPointRequesterTests.swift */ = {isa = PBXFileReference; fileEncoding = 4; lastKnownFileType = sourcecode.swift; path = EntryPointRequesterTests.swift; sourceTree = "<group>"; };
		8C0A3B691E7B3A3400E73F71 /* Requester.swift */ = {isa = PBXFileReference; fileEncoding = 4; lastKnownFileType = sourcecode.swift; path = Requester.swift; sourceTree = "<group>"; };
		8C0A3B6C1E7BFCE200E73F71 /* EndpointRequester.swift */ = {isa = PBXFileReference; fileEncoding = 4; lastKnownFileType = sourcecode.swift; path = EndpointRequester.swift; sourceTree = "<group>"; };
		8C0A3B6E1E7C003F00E73F71 /* NoticeRequester.swift */ = {isa = PBXFileReference; fileEncoding = 4; lastKnownFileType = sourcecode.swift; path = NoticeRequester.swift; sourceTree = "<group>"; };
		8C0A3B701E7C0DBF00E73F71 /* Notice.swift */ = {isa = PBXFileReference; fileEncoding = 4; lastKnownFileType = sourcecode.swift; path = Notice.swift; sourceTree = "<group>"; };
		8C0A3B741E7C0E7700E73F71 /* ChargebackRequester.swift */ = {isa = PBXFileReference; fileEncoding = 4; lastKnownFileType = sourcecode.swift; path = ChargebackRequester.swift; sourceTree = "<group>"; };
		8C0A3B771E7C0E8F00E73F71 /* ChargeBack.swift */ = {isa = PBXFileReference; fileEncoding = 4; lastKnownFileType = sourcecode.swift; path = ChargeBack.swift; sourceTree = "<group>"; };
		8C0A3B791E7C15DC00E73F71 /* NuColors.swift */ = {isa = PBXFileReference; fileEncoding = 4; lastKnownFileType = sourcecode.swift; name = NuColors.swift; path = ChargeBack/NuColors.swift; sourceTree = SOURCE_ROOT; };
		8C271BE01E81397100CB6438 /* ViewProtocols.swift */ = {isa = PBXFileReference; fileEncoding = 4; lastKnownFileType = sourcecode.swift; path = ViewProtocols.swift; sourceTree = "<group>"; };
		8C271BE21E8159D800CB6438 /* ModelRequester.swift */ = {isa = PBXFileReference; fileEncoding = 4; lastKnownFileType = sourcecode.swift; path = ModelRequester.swift; sourceTree = "<group>"; };
		8C271BE51E815C3D00CB6438 /* ChargeBackView.swift */ = {isa = PBXFileReference; fileEncoding = 4; lastKnownFileType = sourcecode.swift; path = ChargeBackView.swift; sourceTree = "<group>"; };
		8C271BE61E815C3D00CB6438 /* ChargeBackView.xib */ = {isa = PBXFileReference; fileEncoding = 4; lastKnownFileType = file.xib; path = ChargeBackView.xib; sourceTree = "<group>"; };
		8C271BE71E815C3D00CB6438 /* ChargeBackViewModel.swift */ = {isa = PBXFileReference; fileEncoding = 4; lastKnownFileType = sourcecode.swift; path = ChargeBackViewModel.swift; sourceTree = "<group>"; };
		8C271BED1E81603600CB6438 /* ResultView.swift */ = {isa = PBXFileReference; fileEncoding = 4; lastKnownFileType = sourcecode.swift; path = ResultView.swift; sourceTree = "<group>"; };
		8C271BEE1E81603600CB6438 /* ResultView.xib */ = {isa = PBXFileReference; fileEncoding = 4; lastKnownFileType = file.xib; path = ResultView.xib; sourceTree = "<group>"; };
		8C271BEF1E81603600CB6438 /* ResultViewController.swift */ = {isa = PBXFileReference; fileEncoding = 4; lastKnownFileType = sourcecode.swift; path = ResultViewController.swift; sourceTree = "<group>"; };
		8C271BF01E81603600CB6438 /* ResultViewModel.swift */ = {isa = PBXFileReference; fileEncoding = 4; lastKnownFileType = sourcecode.swift; path = ResultViewModel.swift; sourceTree = "<group>"; };
		8C271BF61E816C0C00CB6438 /* NoticeModel.swift */ = {isa = PBXFileReference; fileEncoding = 4; lastKnownFileType = sourcecode.swift; path = NoticeModel.swift; sourceTree = "<group>"; };
		8C271BF81E81724A00CB6438 /* BlockCardRequester.swift */ = {isa = PBXFileReference; fileEncoding = 4; lastKnownFileType = sourcecode.swift; path = BlockCardRequester.swift; sourceTree = "<group>"; };
		8C271BFB1E8212B700CB6438 /* LockerView.swift */ = {isa = PBXFileReference; fileEncoding = 4; lastKnownFileType = sourcecode.swift; path = LockerView.swift; sourceTree = "<group>"; };
		8C271BFC1E8212B700CB6438 /* LockerView.xib */ = {isa = PBXFileReference; fileEncoding = 4; lastKnownFileType = file.xib; path = LockerView.xib; sourceTree = "<group>"; };
		8C2FE8491E807CA600A25059 /* ChargeBackViewController.swift */ = {isa = PBXFileReference; fileEncoding = 4; lastKnownFileType = sourcecode.swift; name = ChargeBackViewController.swift; path = ChargeBack/ChargeBackViewController.swift; sourceTree = SOURCE_ROOT; };
		8C2FE84C1E80806000A25059 /* doChargeback.json */ = {isa = PBXFileReference; fileEncoding = 4; lastKnownFileType = text.json; path = doChargeback.json; sourceTree = "<group>"; };
		8C2FE8581E8083A100A25059 /* ChargeBack.storyboard */ = {isa = PBXFileReference; fileEncoding = 4; lastKnownFileType = file.storyboard; path = ChargeBack.storyboard; sourceTree = "<group>"; };
		8C2FE85A1E8083F700A25059 /* NoticeView.swift */ = {isa = PBXFileReference; fileEncoding = 4; lastKnownFileType = sourcecode.swift; path = NoticeView.swift; sourceTree = "<group>"; };
		8C2FE85B1E8083F700A25059 /* NoticeView.xib */ = {isa = PBXFileReference; fileEncoding = 4; lastKnownFileType = file.xib; path = NoticeView.xib; sourceTree = "<group>"; };
		8C2FE85C1E8083F700A25059 /* NoticeViewController.swift */ = {isa = PBXFileReference; fileEncoding = 4; lastKnownFileType = sourcecode.swift; path = NoticeViewController.swift; sourceTree = "<group>"; };
		8C2FE85D1E8083F700A25059 /* NoticeViewModel.swift */ = {isa = PBXFileReference; fileEncoding = 4; lastKnownFileType = sourcecode.swift; path = NoticeViewModel.swift; sourceTree = "<group>"; };
		8C330ED2F48D4762D195AE47 /* Pods-ChargeBackTests.release.xcconfig */ = {isa = PBXFileReference; includeInIndex = 1; lastKnownFileType = text.xcconfig; name = "Pods-ChargeBackTests.release.xcconfig"; path = "Pods/Target Support Files/Pods-ChargeBackTests/Pods-ChargeBackTests.release.xcconfig"; sourceTree = "<group>"; };
		8CA322D21E80B24800C83589 /* Storyboards.swift */ = {isa = PBXFileReference; fileEncoding = 4; lastKnownFileType = sourcecode.swift; path = Storyboards.swift; sourceTree = "<group>"; };
		8CD9FB971E7FDE5500D8E935 /* NoticeRequesterTests.swift */ = {isa = PBXFileReference; fileEncoding = 4; lastKnownFileType = sourcecode.swift; path = NoticeRequesterTests.swift; sourceTree = "<group>"; };
		8CD9FB9A1E7FED9400D8E935 /* ChargebackRequesterTests.swift */ = {isa = PBXFileReference; fileEncoding = 4; lastKnownFileType = sourcecode.swift; path = ChargebackRequesterTests.swift; sourceTree = "<group>"; };
		8CE4E0D61E82A3CF00535C6C /* ChargeBack.framework */ = {isa = PBXFileReference; explicitFileType = wrapper.framework; includeInIndex = 0; path = ChargeBack.framework; sourceTree = BUILT_PRODUCTS_DIR; };
		8CE4E0D81E82A3CF00535C6C /* ChargeBack.h */ = {isa = PBXFileReference; lastKnownFileType = sourcecode.c.h; path = ChargeBack.h; sourceTree = "<group>"; };
		8CE4E0D91E82A3CF00535C6C /* Info.plist */ = {isa = PBXFileReference; lastKnownFileType = text.plist.xml; path = Info.plist; sourceTree = "<group>"; };
		8CE4E0DE1E82A3CF00535C6C /* ChargeBackTests.xctest */ = {isa = PBXFileReference; explicitFileType = wrapper.cfbundle; includeInIndex = 0; path = ChargeBackTests.xctest; sourceTree = BUILT_PRODUCTS_DIR; };
		924FBFEE1E54438CE0428D72 /* Pods-ChargeBack.release.xcconfig */ = {isa = PBXFileReference; includeInIndex = 1; lastKnownFileType = text.xcconfig; name = "Pods-ChargeBack.release.xcconfig"; path = "Pods/Target Support Files/Pods-ChargeBack/Pods-ChargeBack.release.xcconfig"; sourceTree = "<group>"; };
		9951173AF7C96D4D2CF3D02F /* Pods-ChargeBackUITests.debug.xcconfig */ = {isa = PBXFileReference; includeInIndex = 1; lastKnownFileType = text.xcconfig; name = "Pods-ChargeBackUITests.debug.xcconfig"; path = "Pods/Target Support Files/Pods-ChargeBackUITests/Pods-ChargeBackUITests.debug.xcconfig"; sourceTree = "<group>"; };
		99D3ABE850A5C0B93968413A /* Pods-ChargeBackDemoTests.debug.xcconfig */ = {isa = PBXFileReference; includeInIndex = 1; lastKnownFileType = text.xcconfig; name = "Pods-ChargeBackDemoTests.debug.xcconfig"; path = "Pods/Target Support Files/Pods-ChargeBackDemoTests/Pods-ChargeBackDemoTests.debug.xcconfig"; sourceTree = "<group>"; };
		A113F62DDAE07FA753132CB0 /* Pods-ChargeBackDemoUITests.debug.xcconfig */ = {isa = PBXFileReference; includeInIndex = 1; lastKnownFileType = text.xcconfig; name = "Pods-ChargeBackDemoUITests.debug.xcconfig"; path = "Pods/Target Support Files/Pods-ChargeBackDemoUITests/Pods-ChargeBackDemoUITests.debug.xcconfig"; sourceTree = "<group>"; };
		A2511425EF5D54665AED2B87 /* Pods-ChargeBackAPI.debug.xcconfig */ = {isa = PBXFileReference; includeInIndex = 1; lastKnownFileType = text.xcconfig; name = "Pods-ChargeBackAPI.debug.xcconfig"; path = "Pods/Target Support Files/Pods-ChargeBackAPI/Pods-ChargeBackAPI.debug.xcconfig"; sourceTree = "<group>"; };
		AB36C0E2357241F2B07D2363 /* Pods_ChargeBackTests.framework */ = {isa = PBXFileReference; explicitFileType = wrapper.framework; includeInIndex = 0; path = Pods_ChargeBackTests.framework; sourceTree = BUILT_PRODUCTS_DIR; };
		AF09C2B602392F710788D38B /* Pods_ChargeBackDemoUITests.framework */ = {isa = PBXFileReference; explicitFileType = wrapper.framework; includeInIndex = 0; path = Pods_ChargeBackDemoUITests.framework; sourceTree = BUILT_PRODUCTS_DIR; };
		DBB1D89D2AE64D6FD87DA25B /* Pods_ChargeBack.framework */ = {isa = PBXFileReference; explicitFileType = wrapper.framework; includeInIndex = 0; path = Pods_ChargeBack.framework; sourceTree = BUILT_PRODUCTS_DIR; };
		E33C1D1117B81BFF53132718 /* Pods_ChargeBackAPI.framework */ = {isa = PBXFileReference; explicitFileType = wrapper.framework; includeInIndex = 0; path = Pods_ChargeBackAPI.framework; sourceTree = BUILT_PRODUCTS_DIR; };
		E61A120E3882F9F6A152AB18 /* Pods-ChargeBackTests.debug.xcconfig */ = {isa = PBXFileReference; includeInIndex = 1; lastKnownFileType = text.xcconfig; name = "Pods-ChargeBackTests.debug.xcconfig"; path = "Pods/Target Support Files/Pods-ChargeBackTests/Pods-ChargeBackTests.debug.xcconfig"; sourceTree = "<group>"; };
		E6E9A6C3912A86C302CD0D52 /* Pods-ChargeBackUITests.release.xcconfig */ = {isa = PBXFileReference; includeInIndex = 1; lastKnownFileType = text.xcconfig; name = "Pods-ChargeBackUITests.release.xcconfig"; path = "Pods/Target Support Files/Pods-ChargeBackUITests/Pods-ChargeBackUITests.release.xcconfig"; sourceTree = "<group>"; };
		EB80D0816FDB47F9DA11EB28 /* Pods-ChargeBackAPITests.debug.xcconfig */ = {isa = PBXFileReference; includeInIndex = 1; lastKnownFileType = text.xcconfig; name = "Pods-ChargeBackAPITests.debug.xcconfig"; path = "Pods/Target Support Files/Pods-ChargeBackAPITests/Pods-ChargeBackAPITests.debug.xcconfig"; sourceTree = "<group>"; };
		EE9504A2417E988B884AAC1F /* Pods-ChargeBackAPI.release.xcconfig */ = {isa = PBXFileReference; includeInIndex = 1; lastKnownFileType = text.xcconfig; name = "Pods-ChargeBackAPI.release.xcconfig"; path = "Pods/Target Support Files/Pods-ChargeBackAPI/Pods-ChargeBackAPI.release.xcconfig"; sourceTree = "<group>"; };
		FC23D3066738D3D83B7737FC /* Pods-ChargeBackDemoUITests.release.xcconfig */ = {isa = PBXFileReference; includeInIndex = 1; lastKnownFileType = text.xcconfig; name = "Pods-ChargeBackDemoUITests.release.xcconfig"; path = "Pods/Target Support Files/Pods-ChargeBackDemoUITests/Pods-ChargeBackDemoUITests.release.xcconfig"; sourceTree = "<group>"; };
/* End PBXFileReference section */

/* Begin PBXFrameworksBuildPhase section */
		8C0A3AF81E7A18D100E73F71 /* Frameworks */ = {
			isa = PBXFrameworksBuildPhase;
			buildActionMask = 2147483647;
			files = (
				BE9C2764254BC566CBDFB7DE /* Pods_ChargeBack.framework in Frameworks */,
				8CE4E0EB1E82A3CF00535C6C /* ChargeBack.framework in Frameworks */,
				ED3A34C69136C2166CD6ADE2 /* Pods_ChargeBackDemo.framework in Frameworks */,
			);
			runOnlyForDeploymentPostprocessing = 0;
		};
		8CE4E0D21E82A3CF00535C6C /* Frameworks */ = {
			isa = PBXFrameworksBuildPhase;
			buildActionMask = 2147483647;
			files = (
				BB7DDB480A3E3AFDA624CDC6 /* Pods_ChargeBack.framework in Frameworks */,
			);
			runOnlyForDeploymentPostprocessing = 0;
		};
		8CE4E0DB1E82A3CF00535C6C /* Frameworks */ = {
			isa = PBXFrameworksBuildPhase;
			buildActionMask = 2147483647;
			files = (
				8CE4E0DF1E82A3CF00535C6C /* ChargeBack.framework in Frameworks */,
			);
			runOnlyForDeploymentPostprocessing = 0;
		};
/* End PBXFrameworksBuildPhase section */

/* Begin PBXGroup section */
		3A2F576B416C8617C59B7A01 /* Frameworks */ = {
			isa = PBXGroup;
			children = (
				DBB1D89D2AE64D6FD87DA25B /* Pods_ChargeBack.framework */,
				E33C1D1117B81BFF53132718 /* Pods_ChargeBackAPI.framework */,
				2CD394BE9C140FDAE2E03848 /* Pods_ChargeBackAPITests.framework */,
				AB36C0E2357241F2B07D2363 /* Pods_ChargeBackTests.framework */,
				765252BBFAFADADDB46BCD36 /* Pods_ChargeBackUITests.framework */,
				52F8F898AD9E0BFA0CA28521 /* Pods_ChargeBackDemo.framework */,
				7ABDD4CE1228CDF9DAB9287A /* Pods_ChargeBackDemoTests.framework */,
				AF09C2B602392F710788D38B /* Pods_ChargeBackDemoUITests.framework */,
			);
			name = Frameworks;
			sourceTree = "<group>";
		};
		8C0A3AF21E7A18D100E73F71 = {
			isa = PBXGroup;
			children = (
				8C0A3AFD1E7A18D100E73F71 /* ChargeBackDemo */,
				8CE4E0F31E82A79000535C6C /* ChargeBack */,
				8C0A3B121E7A18D100E73F71 /* ChargeBackTests */,
				8C0A3AFC1E7A18D100E73F71 /* Products */,
				8D05173D9E5F2F734E8BA3E5 /* Pods */,
				3A2F576B416C8617C59B7A01 /* Frameworks */,
			);
			sourceTree = "<group>";
		};
		8C0A3AFC1E7A18D100E73F71 /* Products */ = {
			isa = PBXGroup;
			children = (
				8C0A3AFB1E7A18D100E73F71 /* ChargeBackDemo.app */,
				8CE4E0D61E82A3CF00535C6C /* ChargeBack.framework */,
				8CE4E0DE1E82A3CF00535C6C /* ChargeBackTests.xctest */,
			);
			name = Products;
			sourceTree = "<group>";
		};
		8C0A3AFD1E7A18D100E73F71 /* ChargeBackDemo */ = {
			isa = PBXGroup;
			children = (
				8C0A3AFE1E7A18D100E73F71 /* AppDelegate.swift */,
				8C0A3B001E7A18D100E73F71 /* ViewController.swift */,
				8C0A3B071E7A18D100E73F71 /* LaunchScreen.storyboard */,
				8C0A3B0A1E7A18D100E73F71 /* Info.plist */,
			);
			name = ChargeBackDemo;
			path = ChargeBack;
			sourceTree = "<group>";
		};
		8C0A3B121E7A18D100E73F71 /* ChargeBackTests */ = {
			isa = PBXGroup;
			children = (
				8C0A3B151E7A18D100E73F71 /* Info.plist */,
			);
			path = ChargeBackTests;
			sourceTree = "<group>";
		};
		8C0A3B331E7A191800E73F71 /* ChargeBackAPI */ = {
			isa = PBXGroup;
			children = (
				8C0A3B501E7A195500E73F71 /* APIDefinition.swift */,
				8C0A3B411E7A191800E73F71 /* LoadingMockedJSONTests.swift */,
				8C0A3B681E7B3A2A00E73F71 /* Common */,
				8C0A3B731E7C0E5000E73F71 /* EntryPoint */,
				8C0A3B721E7C0DC600E73F71 /* Notice */,
				8C0A3B761E7C0E8000E73F71 /* ChargeBack */,
				8C0A3B591E7B375E00E73F71 /* JSONs */,
			);
			path = ChargeBackAPI;
			sourceTree = SOURCE_ROOT;
		};
		8C0A3B591E7B375E00E73F71 /* JSONs */ = {
			isa = PBXGroup;
			children = (
				8C0A3B5A1E7B377600E73F71 /* entry.json */,
				8C2FE84C1E80806000A25059 /* doChargeback.json */,
				8C0A3B601E7B37DB00E73F71 /* chargeback.json */,
				8C0A3B5C1E7B379100E73F71 /* notice.json */,
			);
			name = JSONs;
			sourceTree = "<group>";
		};
		8C0A3B681E7B3A2A00E73F71 /* Common */ = {
			isa = PBXGroup;
			children = (
				8C0A3B6C1E7BFCE200E73F71 /* EndpointRequester.swift */,
				8C0A3B691E7B3A3400E73F71 /* Requester.swift */,
				8C271BE21E8159D800CB6438 /* ModelRequester.swift */,
			);
			name = Common;
			sourceTree = "<group>";
		};
		8C0A3B721E7C0DC600E73F71 /* Notice */ = {
			isa = PBXGroup;
			children = (
				8C0A3B6E1E7C003F00E73F71 /* NoticeRequester.swift */,
				8CD9FB971E7FDE5500D8E935 /* NoticeRequesterTests.swift */,
				8C0A3B701E7C0DBF00E73F71 /* Notice.swift */,
			);
			name = Notice;
			sourceTree = "<group>";
		};
		8C0A3B731E7C0E5000E73F71 /* EntryPoint */ = {
			isa = PBXGroup;
			children = (
				8C0A3B661E7B39BA00E73F71 /* EntryPointRequesterTests.swift */,
				8C0A3B641E7B384000E73F71 /* EntryPointRequester.swift */,
				8C271BF81E81724A00CB6438 /* BlockCardRequester.swift */,
			);
			name = EntryPoint;
			sourceTree = "<group>";
		};
		8C0A3B761E7C0E8000E73F71 /* ChargeBack */ = {
			isa = PBXGroup;
			children = (
				8C0A3B741E7C0E7700E73F71 /* ChargebackRequester.swift */,
				8CD9FB9A1E7FED9400D8E935 /* ChargebackRequesterTests.swift */,
				8C0A3B771E7C0E8F00E73F71 /* ChargeBack.swift */,
			);
			name = ChargeBack;
			sourceTree = "<group>";
		};
		8C271BE41E815B5200CB6438 /* ChargeBackScreen */ = {
			isa = PBXGroup;
			children = (
				8C271BE51E815C3D00CB6438 /* ChargeBackView.swift */,
				8C271BE61E815C3D00CB6438 /* ChargeBackView.xib */,
				8C271BFB1E8212B700CB6438 /* LockerView.swift */,
				8C271BFC1E8212B700CB6438 /* LockerView.xib */,
				8C2FE8491E807CA600A25059 /* ChargeBackViewController.swift */,
				8C271BE71E815C3D00CB6438 /* ChargeBackViewModel.swift */,
			);
			name = ChargeBackScreen;
			sourceTree = "<group>";
		};
		8C271BEB1E815E6E00CB6438 /* Flux */ = {
			isa = PBXGroup;
			children = (
				8CA322D21E80B24800C83589 /* Storyboards.swift */,
				8C271BE01E81397100CB6438 /* ViewProtocols.swift */,
				8C2FE8581E8083A100A25059 /* ChargeBack.storyboard */,
				8C2FE8621E80840400A25059 /* NoticeScreen */,
				8C271BE41E815B5200CB6438 /* ChargeBackScreen */,
				8C271BEC1E815FE500CB6438 /* ResultScreen */,
			);
			name = Flux;
			sourceTree = "<group>";
		};
		8C271BEC1E815FE500CB6438 /* ResultScreen */ = {
			isa = PBXGroup;
			children = (
				8C271BED1E81603600CB6438 /* ResultView.swift */,
				8C271BEE1E81603600CB6438 /* ResultView.xib */,
				8C271BEF1E81603600CB6438 /* ResultViewController.swift */,
				8C271BF01E81603600CB6438 /* ResultViewModel.swift */,
			);
			name = ResultScreen;
			sourceTree = "<group>";
		};
		8C271BF51E81604200CB6438 /* Common */ = {
			isa = PBXGroup;
			children = (
				8C0A3B791E7C15DC00E73F71 /* NuColors.swift */,
			);
			name = Common;
			sourceTree = "<group>";
		};
		8C2FE8621E80840400A25059 /* NoticeScreen */ = {
			isa = PBXGroup;
			children = (
				8C2FE85A1E8083F700A25059 /* NoticeView.swift */,
				8C2FE85B1E8083F700A25059 /* NoticeView.xib */,
				8C2FE85C1E8083F700A25059 /* NoticeViewController.swift */,
				8C271BF61E816C0C00CB6438 /* NoticeModel.swift */,
				8C2FE85D1E8083F700A25059 /* NoticeViewModel.swift */,
			);
			name = NoticeScreen;
			sourceTree = "<group>";
		};
		8CE4E0F31E82A79000535C6C /* ChargeBack */ = {
			isa = PBXGroup;
			children = (
				8CE4E0D81E82A3CF00535C6C /* ChargeBack.h */,
				8CE4E0D91E82A3CF00535C6C /* Info.plist */,
				8C0A3B051E7A18D100E73F71 /* Assets.xcassets */,
				8C271BF51E81604200CB6438 /* Common */,
				8C0A3B021E7A18D100E73F71 /* Main.storyboard */,
				8C0A3B331E7A191800E73F71 /* ChargeBackAPI */,
				8C271BEB1E815E6E00CB6438 /* Flux */,
			);
			path = ChargeBack;
			sourceTree = "<group>";
		};
		8D05173D9E5F2F734E8BA3E5 /* Pods */ = {
			isa = PBXGroup;
			children = (
				8AC34ED2C1A96B867231D74D /* Pods-ChargeBack.debug.xcconfig */,
				924FBFEE1E54438CE0428D72 /* Pods-ChargeBack.release.xcconfig */,
				A2511425EF5D54665AED2B87 /* Pods-ChargeBackAPI.debug.xcconfig */,
				EE9504A2417E988B884AAC1F /* Pods-ChargeBackAPI.release.xcconfig */,
				EB80D0816FDB47F9DA11EB28 /* Pods-ChargeBackAPITests.debug.xcconfig */,
				398F0902B7188B0C25AC28C5 /* Pods-ChargeBackAPITests.release.xcconfig */,
				E61A120E3882F9F6A152AB18 /* Pods-ChargeBackTests.debug.xcconfig */,
				8C330ED2F48D4762D195AE47 /* Pods-ChargeBackTests.release.xcconfig */,
				9951173AF7C96D4D2CF3D02F /* Pods-ChargeBackUITests.debug.xcconfig */,
				E6E9A6C3912A86C302CD0D52 /* Pods-ChargeBackUITests.release.xcconfig */,
				84738B190A95E7813855AB79 /* Pods-ChargeBackDemo.debug.xcconfig */,
				76887013B05D5BC10097693B /* Pods-ChargeBackDemo.release.xcconfig */,
				99D3ABE850A5C0B93968413A /* Pods-ChargeBackDemoTests.debug.xcconfig */,
				04D6914B932D0B6399503F0B /* Pods-ChargeBackDemoTests.release.xcconfig */,
				A113F62DDAE07FA753132CB0 /* Pods-ChargeBackDemoUITests.debug.xcconfig */,
				FC23D3066738D3D83B7737FC /* Pods-ChargeBackDemoUITests.release.xcconfig */,
			);
			name = Pods;
			sourceTree = "<group>";
		};
/* End PBXGroup section */

/* Begin PBXHeadersBuildPhase section */
		8CE4E0D31E82A3CF00535C6C /* Headers */ = {
			isa = PBXHeadersBuildPhase;
			buildActionMask = 2147483647;
			files = (
				8CE4E0E81E82A3CF00535C6C /* ChargeBack.h in Headers */,
			);
			runOnlyForDeploymentPostprocessing = 0;
		};
/* End PBXHeadersBuildPhase section */

/* Begin PBXNativeTarget section */
		8C0A3AFA1E7A18D100E73F71 /* ChargeBackDemo */ = {
			isa = PBXNativeTarget;
			buildConfigurationList = 8C0A3B231E7A18D100E73F71 /* Build configuration list for PBXNativeTarget "ChargeBackDemo" */;
			buildPhases = (
				CA192034ED5D7ADF610E9BD7 /* [CP] Check Pods Manifest.lock */,
				8CA322D01E80B0CF00C83589 /* Natalie */,
				8C0A3AF71E7A18D100E73F71 /* Sources */,
				8C0A3AF81E7A18D100E73F71 /* Frameworks */,
				8C0A3AF91E7A18D100E73F71 /* Resources */,
				8C0A3B4C1E7A191800E73F71 /* Embed Frameworks */,
				8C0A3B6B1E7B3AC400E73F71 /* SwiftLint */,
				3F8078DA1EAC0D4EA6FC5C0F /* [CP] Embed Pods Frameworks */,
				7B5CDA09CD0A654D470F4F8F /* [CP] Copy Pods Resources */,
			);
			buildRules = (
			);
			dependencies = (
				8CE4E0EA1E82A3CF00535C6C /* PBXTargetDependency */,
			);
			name = ChargeBackDemo;
			productName = ChargeBack;
			productReference = 8C0A3AFB1E7A18D100E73F71 /* ChargeBackDemo.app */;
			productType = "com.apple.product-type.application";
		};
		8CE4E0D51E82A3CF00535C6C /* ChargeBack */ = {
			isa = PBXNativeTarget;
			buildConfigurationList = 8CE4E0ED1E82A3CF00535C6C /* Build configuration list for PBXNativeTarget "ChargeBack" */;
			buildPhases = (
				33F101E2481622902CA0F96D /* [CP] Check Pods Manifest.lock */,
				8CE4E0D11E82A3CF00535C6C /* Sources */,
				8CE4E0D21E82A3CF00535C6C /* Frameworks */,
				8CE4E0D31E82A3CF00535C6C /* Headers */,
				8CE4E0D41E82A3CF00535C6C /* Resources */,
				E32A1B9236C7CBEEF8D2FF74 /* [CP] Copy Pods Resources */,
			);
			buildRules = (
			);
			dependencies = (
			);
			name = ChargeBack;
			productName = ChargeBack;
			productReference = 8CE4E0D61E82A3CF00535C6C /* ChargeBack.framework */;
			productType = "com.apple.product-type.framework";
		};
		8CE4E0DD1E82A3CF00535C6C /* ChargeBackTests */ = {
			isa = PBXNativeTarget;
			buildConfigurationList = 8CE4E0F01E82A3CF00535C6C /* Build configuration list for PBXNativeTarget "ChargeBackTests" */;
			buildPhases = (
				8CE4E0DA1E82A3CF00535C6C /* Sources */,
				8CE4E0DB1E82A3CF00535C6C /* Frameworks */,
				8CE4E0DC1E82A3CF00535C6C /* Resources */,
			);
			buildRules = (
			);
			dependencies = (
				8CE4E0E11E82A3CF00535C6C /* PBXTargetDependency */,
				8CE4E0E31E82A3CF00535C6C /* PBXTargetDependency */,
			);
			name = ChargeBackTests;
			productName = ChargeBackTests;
			productReference = 8CE4E0DE1E82A3CF00535C6C /* ChargeBackTests.xctest */;
			productType = "com.apple.product-type.bundle.unit-test";
		};
/* End PBXNativeTarget section */

/* Begin PBXProject section */
		8C0A3AF31E7A18D100E73F71 /* Project object */ = {
			isa = PBXProject;
			attributes = {
				LastSwiftUpdateCheck = 0820;
				LastUpgradeCheck = 0820;
				ORGANIZATIONNAME = "Antoine Barrault";
				TargetAttributes = {
					8C0A3AFA1E7A18D100E73F71 = {
						CreatedOnToolsVersion = 8.2.1;
						DevelopmentTeam = 4F3EA6B935;
						ProvisioningStyle = Automatic;
					};
					8CE4E0D51E82A3CF00535C6C = {
						CreatedOnToolsVersion = 8.2.1;
						DevelopmentTeam = 4F3EA6B935;
						ProvisioningStyle = Automatic;
					};
					8CE4E0DD1E82A3CF00535C6C = {
						CreatedOnToolsVersion = 8.2.1;
						DevelopmentTeam = 4F3EA6B935;
						ProvisioningStyle = Automatic;
						TestTargetID = 8C0A3AFA1E7A18D100E73F71;
					};
				};
			};
			buildConfigurationList = 8C0A3AF61E7A18D100E73F71 /* Build configuration list for PBXProject "ChargeBackDemo" */;
			compatibilityVersion = "Xcode 3.2";
			developmentRegion = English;
			hasScannedForEncodings = 0;
			knownRegions = (
				en,
				Base,
			);
			mainGroup = 8C0A3AF21E7A18D100E73F71;
			productRefGroup = 8C0A3AFC1E7A18D100E73F71 /* Products */;
			projectDirPath = "";
			projectRoot = "";
			targets = (
				8C0A3AFA1E7A18D100E73F71 /* ChargeBackDemo */,
				8CE4E0D51E82A3CF00535C6C /* ChargeBack */,
				8CE4E0DD1E82A3CF00535C6C /* ChargeBackTests */,
			);
		};
/* End PBXProject section */

/* Begin PBXResourcesBuildPhase section */
		8C0A3AF91E7A18D100E73F71 /* Resources */ = {
			isa = PBXResourcesBuildPhase;
			buildActionMask = 2147483647;
			files = (
				8CD1914B1E808D390022BFB3 /* entry.json in Resources */,
				8C2FE85F1E8083F700A25059 /* NoticeView.xib in Resources */,
				8C0A3B091E7A18D100E73F71 /* LaunchScreen.storyboard in Resources */,
				8C271BE91E815C3D00CB6438 /* ChargeBackView.xib in Resources */,
				8C0A3B061E7A18D100E73F71 /* Assets.xcassets in Resources */,
				8C0A3B041E7A18D100E73F71 /* Main.storyboard in Resources */,
				8C271C001E8212B700CB6438 /* LockerView.xib in Resources */,
				8CD1914D1E808D390022BFB3 /* notice.json in Resources */,
				8C2FE8591E8083A100A25059 /* ChargeBack.storyboard in Resources */,
				8CD1914C1E808D390022BFB3 /* doChargeback.json in Resources */,
				8CD1914E1E808D390022BFB3 /* chargeback.json in Resources */,
				8C271BF21E81603600CB6438 /* ResultView.xib in Resources */,
			);
			runOnlyForDeploymentPostprocessing = 0;
		};
		8CE4E0D41E82A3CF00535C6C /* Resources */ = {
			isa = PBXResourcesBuildPhase;
			buildActionMask = 2147483647;
			files = (
			);
			runOnlyForDeploymentPostprocessing = 0;
		};
		8CE4E0DC1E82A3CF00535C6C /* Resources */ = {
			isa = PBXResourcesBuildPhase;
			buildActionMask = 2147483647;
			files = (
			);
			runOnlyForDeploymentPostprocessing = 0;
		};
/* End PBXResourcesBuildPhase section */

/* Begin PBXShellScriptBuildPhase section */
		33F101E2481622902CA0F96D /* [CP] Check Pods Manifest.lock */ = {
			isa = PBXShellScriptBuildPhase;
			buildActionMask = 2147483647;
			files = (
			);
			inputPaths = (
			);
			name = "[CP] Check Pods Manifest.lock";
			outputPaths = (
			);
			runOnlyForDeploymentPostprocessing = 0;
			shellPath = /bin/sh;
			shellScript = "diff \"${PODS_ROOT}/../Podfile.lock\" \"${PODS_ROOT}/Manifest.lock\" > /dev/null\nif [ $? != 0 ] ; then\n    # print error to STDERR\n    echo \"error: The sandbox is not in sync with the Podfile.lock. Run 'pod install' or update your CocoaPods installation.\" >&2\n    exit 1\nfi\n";
			showEnvVarsInLog = 0;
		};
		3F8078DA1EAC0D4EA6FC5C0F /* [CP] Embed Pods Frameworks */ = {
			isa = PBXShellScriptBuildPhase;
			buildActionMask = 2147483647;
			files = (
			);
			inputPaths = (
			);
			name = "[CP] Embed Pods Frameworks";
			outputPaths = (
			);
			runOnlyForDeploymentPostprocessing = 0;
			shellPath = /bin/sh;
			shellScript = "\"${SRCROOT}/Pods/Target Support Files/Pods-ChargeBackDemo/Pods-ChargeBackDemo-frameworks.sh\"\n";
			showEnvVarsInLog = 0;
		};
		7B5CDA09CD0A654D470F4F8F /* [CP] Copy Pods Resources */ = {
			isa = PBXShellScriptBuildPhase;
			buildActionMask = 2147483647;
			files = (
			);
			inputPaths = (
			);
			name = "[CP] Copy Pods Resources";
			outputPaths = (
			);
			runOnlyForDeploymentPostprocessing = 0;
			shellPath = /bin/sh;
			shellScript = "\"${SRCROOT}/Pods/Target Support Files/Pods-ChargeBackDemo/Pods-ChargeBackDemo-resources.sh\"\n";
			showEnvVarsInLog = 0;
		};
		8C0A3B6B1E7B3AC400E73F71 /* SwiftLint */ = {
			isa = PBXShellScriptBuildPhase;
			buildActionMask = 2147483647;
			files = (
			);
			inputPaths = (
			);
			name = SwiftLint;
			outputPaths = (
			);
			runOnlyForDeploymentPostprocessing = 0;
			shellPath = /bin/sh;
			shellScript = "if which swiftlint >/dev/null; then\nswiftlint\nelse\necho \"warning: SwiftLint not installed, download from https://github.com/realm/SwiftLint\"\nfi";
		};
		8CA322D01E80B0CF00C83589 /* Natalie */ = {
			isa = PBXShellScriptBuildPhase;
			buildActionMask = 2147483647;
			files = (
			);
			inputPaths = (
			);
			name = Natalie;
			outputPaths = (
			);
			runOnlyForDeploymentPostprocessing = 0;
			shellPath = /bin/sh;
			shellScript = "echo \"Natalie Generator: Determining if generated Swift file is up-to-date.\"\n\n# Adjust path to \"natalie\" binary\nNATALIE_PATH=\"$PROJECT_DIR/natalie\"\n\nif [ -f $NATALIE_PATH ]; then\nBASE_PATH=\"$PROJECT_DIR/$PROJECT_NAME\"\nOUTPUT_PATH=\"$BASE_PATH/Storyboards.swift\"\n\nif [ ! -e \"$OUTPUT_PATH\" ] || [ -n \"$(find \"$BASE_PATH\" -type f -name \"*.storyboard\" -newer \"$OUTPUT_PATH\" -print -quit)\" ]; then\necho \"Natalie Generator: Generated Swift is out-of-date; re-generating...\"\n\n/usr/bin/chflags nouchg \"$OUTPUT_PATH\"\n\"$NATALIE_PATH\" \"$BASE_PATH\" > \"$OUTPUT_PATH\"\n/usr/bin/chflags uchg \"$OUTPUT_PATH\"\n\necho \"Natalie Generator: Done.\"\nelse\necho \"Natalie Generator: Generated Swift is up-to-date; skipping re-generation.\"\nfi\nfi\n";
		};
		CA192034ED5D7ADF610E9BD7 /* [CP] Check Pods Manifest.lock */ = {
			isa = PBXShellScriptBuildPhase;
			buildActionMask = 2147483647;
			files = (
			);
			inputPaths = (
			);
			name = "[CP] Check Pods Manifest.lock";
			outputPaths = (
			);
			runOnlyForDeploymentPostprocessing = 0;
			shellPath = /bin/sh;
			shellScript = "diff \"${PODS_ROOT}/../Podfile.lock\" \"${PODS_ROOT}/Manifest.lock\" > /dev/null\nif [ $? != 0 ] ; then\n    # print error to STDERR\n    echo \"error: The sandbox is not in sync with the Podfile.lock. Run 'pod install' or update your CocoaPods installation.\" >&2\n    exit 1\nfi\n";
			showEnvVarsInLog = 0;
		};
		E32A1B9236C7CBEEF8D2FF74 /* [CP] Copy Pods Resources */ = {
			isa = PBXShellScriptBuildPhase;
			buildActionMask = 2147483647;
			files = (
			);
			inputPaths = (
			);
			name = "[CP] Copy Pods Resources";
			outputPaths = (
			);
			runOnlyForDeploymentPostprocessing = 0;
			shellPath = /bin/sh;
			shellScript = "\"${SRCROOT}/Pods/Target Support Files/Pods-ChargeBack/Pods-ChargeBack-resources.sh\"\n";
			showEnvVarsInLog = 0;
		};
/* End PBXShellScriptBuildPhase section */

/* Begin PBXSourcesBuildPhase section */
		8C0A3AF71E7A18D100E73F71 /* Sources */ = {
			isa = PBXSourcesBuildPhase;
			buildActionMask = 2147483647;
			files = (
				8C2FE8611E8083F700A25059 /* NoticeViewModel.swift in Sources */,
				8CD191481E808D270022BFB3 /* APIDefinition.swift in Sources */,
				8CD191491E808D300022BFB3 /* Requester.swift in Sources */,
				8C271BEA1E815C3D00CB6438 /* ChargeBackViewModel.swift in Sources */,
				8C271BE81E815C3D00CB6438 /* ChargeBackView.swift in Sources */,
				8C271BF11E81603600CB6438 /* ResultView.swift in Sources */,
				8CD191561E808D470022BFB3 /* EntryPointRequester.swift in Sources */,
				8CD1914A1E808D300022BFB3 /* EndpointRequester.swift in Sources */,
				8C271BF41E81603600CB6438 /* ResultViewModel.swift in Sources */,
				8CD1914F1E808D3E0022BFB3 /* ChargebackRequester.swift in Sources */,
				8C2FE85E1E8083F700A25059 /* NoticeView.swift in Sources */,
				8CD191471E808B630022BFB3 /* ChargeBackViewController.swift in Sources */,
				8C271BE11E81397100CB6438 /* ViewProtocols.swift in Sources */,
				8CA322D31E80B24800C83589 /* Storyboards.swift in Sources */,
				8C271BFF1E8212B700CB6438 /* LockerView.swift in Sources */,
				8CD191541E808D430022BFB3 /* Notice.swift in Sources */,
				8C271BF71E816C0C00CB6438 /* NoticeModel.swift in Sources */,
				8C271BF91E81724A00CB6438 /* BlockCardRequester.swift in Sources */,
				8CD191461E808B5F0022BFB3 /* NuColors.swift in Sources */,
				8CD191511E808D3E0022BFB3 /* ChargeBack.swift in Sources */,
				8CD191521E808D430022BFB3 /* NoticeRequester.swift in Sources */,
				8C271BE31E8159D800CB6438 /* ModelRequester.swift in Sources */,
				8C0A3B011E7A18D100E73F71 /* ViewController.swift in Sources */,
				8C2FE8601E8083F700A25059 /* NoticeViewController.swift in Sources */,
				8C0A3AFF1E7A18D100E73F71 /* AppDelegate.swift in Sources */,
				8C271BF31E81603600CB6438 /* ResultViewController.swift in Sources */,
			);
			runOnlyForDeploymentPostprocessing = 0;
		};
		8CE4E0D11E82A3CF00535C6C /* Sources */ = {
			isa = PBXSourcesBuildPhase;
			buildActionMask = 2147483647;
			files = (
			);
			runOnlyForDeploymentPostprocessing = 0;
		};
		8CE4E0DA1E82A3CF00535C6C /* Sources */ = {
			isa = PBXSourcesBuildPhase;
			buildActionMask = 2147483647;
			files = (
			);
			runOnlyForDeploymentPostprocessing = 0;
		};
/* End PBXSourcesBuildPhase section */

/* Begin PBXTargetDependency section */
		8CE4E0E11E82A3CF00535C6C /* PBXTargetDependency */ = {
			isa = PBXTargetDependency;
			target = 8CE4E0D51E82A3CF00535C6C /* ChargeBack */;
			targetProxy = 8CE4E0E01E82A3CF00535C6C /* PBXContainerItemProxy */;
		};
		8CE4E0E31E82A3CF00535C6C /* PBXTargetDependency */ = {
			isa = PBXTargetDependency;
			target = 8C0A3AFA1E7A18D100E73F71 /* ChargeBackDemo */;
			targetProxy = 8CE4E0E21E82A3CF00535C6C /* PBXContainerItemProxy */;
		};
		8CE4E0EA1E82A3CF00535C6C /* PBXTargetDependency */ = {
			isa = PBXTargetDependency;
			target = 8CE4E0D51E82A3CF00535C6C /* ChargeBack */;
			targetProxy = 8CE4E0E91E82A3CF00535C6C /* PBXContainerItemProxy */;
		};
/* End PBXTargetDependency section */

/* Begin PBXVariantGroup section */
		8C0A3B021E7A18D100E73F71 /* Main.storyboard */ = {
			isa = PBXVariantGroup;
			children = (
				8C0A3B031E7A18D100E73F71 /* Base */,
			);
			name = Main.storyboard;
			sourceTree = "<group>";
		};
		8C0A3B071E7A18D100E73F71 /* LaunchScreen.storyboard */ = {
			isa = PBXVariantGroup;
			children = (
				8C0A3B081E7A18D100E73F71 /* Base */,
			);
			name = LaunchScreen.storyboard;
			sourceTree = "<group>";
		};
/* End PBXVariantGroup section */

/* Begin XCBuildConfiguration section */
		8C0A3B211E7A18D100E73F71 /* Debug */ = {
			isa = XCBuildConfiguration;
			buildSettings = {
				ALWAYS_SEARCH_USER_PATHS = NO;
				CLANG_ANALYZER_NONNULL = YES;
				CLANG_CXX_LANGUAGE_STANDARD = "gnu++0x";
				CLANG_CXX_LIBRARY = "libc++";
				CLANG_ENABLE_MODULES = YES;
				CLANG_ENABLE_OBJC_ARC = YES;
				CLANG_WARN_BOOL_CONVERSION = YES;
				CLANG_WARN_CONSTANT_CONVERSION = YES;
				CLANG_WARN_DIRECT_OBJC_ISA_USAGE = YES_ERROR;
				CLANG_WARN_DOCUMENTATION_COMMENTS = YES;
				CLANG_WARN_EMPTY_BODY = YES;
				CLANG_WARN_ENUM_CONVERSION = YES;
				CLANG_WARN_INFINITE_RECURSION = YES;
				CLANG_WARN_INT_CONVERSION = YES;
				CLANG_WARN_OBJC_ROOT_CLASS = YES_ERROR;
				CLANG_WARN_SUSPICIOUS_MOVE = YES;
				CLANG_WARN_UNREACHABLE_CODE = YES;
				CLANG_WARN__DUPLICATE_METHOD_MATCH = YES;
				"CODE_SIGN_IDENTITY[sdk=iphoneos*]" = "iPhone Developer";
				COPY_PHASE_STRIP = NO;
				DEBUG_INFORMATION_FORMAT = dwarf;
				ENABLE_STRICT_OBJC_MSGSEND = YES;
				ENABLE_TESTABILITY = YES;
				GCC_C_LANGUAGE_STANDARD = gnu99;
				GCC_DYNAMIC_NO_PIC = NO;
				GCC_NO_COMMON_BLOCKS = YES;
				GCC_OPTIMIZATION_LEVEL = 0;
				GCC_PREPROCESSOR_DEFINITIONS = (
					"DEBUG=1",
					"$(inherited)",
				);
				GCC_WARN_64_TO_32_BIT_CONVERSION = YES;
				GCC_WARN_ABOUT_RETURN_TYPE = YES_ERROR;
				GCC_WARN_UNDECLARED_SELECTOR = YES;
				GCC_WARN_UNINITIALIZED_AUTOS = YES_AGGRESSIVE;
				GCC_WARN_UNUSED_FUNCTION = YES;
				GCC_WARN_UNUSED_VARIABLE = YES;
				IPHONEOS_DEPLOYMENT_TARGET = 10.2;
				MTL_ENABLE_DEBUG_INFO = YES;
				ONLY_ACTIVE_ARCH = YES;
				SDKROOT = iphoneos;
				SWIFT_ACTIVE_COMPILATION_CONDITIONS = DEBUG;
				SWIFT_OPTIMIZATION_LEVEL = "-Onone";
			};
			name = Debug;
		};
		8C0A3B221E7A18D100E73F71 /* Release */ = {
			isa = XCBuildConfiguration;
			buildSettings = {
				ALWAYS_SEARCH_USER_PATHS = NO;
				CLANG_ANALYZER_NONNULL = YES;
				CLANG_CXX_LANGUAGE_STANDARD = "gnu++0x";
				CLANG_CXX_LIBRARY = "libc++";
				CLANG_ENABLE_MODULES = YES;
				CLANG_ENABLE_OBJC_ARC = YES;
				CLANG_WARN_BOOL_CONVERSION = YES;
				CLANG_WARN_CONSTANT_CONVERSION = YES;
				CLANG_WARN_DIRECT_OBJC_ISA_USAGE = YES_ERROR;
				CLANG_WARN_DOCUMENTATION_COMMENTS = YES;
				CLANG_WARN_EMPTY_BODY = YES;
				CLANG_WARN_ENUM_CONVERSION = YES;
				CLANG_WARN_INFINITE_RECURSION = YES;
				CLANG_WARN_INT_CONVERSION = YES;
				CLANG_WARN_OBJC_ROOT_CLASS = YES_ERROR;
				CLANG_WARN_SUSPICIOUS_MOVE = YES;
				CLANG_WARN_UNREACHABLE_CODE = YES;
				CLANG_WARN__DUPLICATE_METHOD_MATCH = YES;
				"CODE_SIGN_IDENTITY[sdk=iphoneos*]" = "iPhone Developer";
				COPY_PHASE_STRIP = NO;
				DEBUG_INFORMATION_FORMAT = "dwarf-with-dsym";
				ENABLE_NS_ASSERTIONS = NO;
				ENABLE_STRICT_OBJC_MSGSEND = YES;
				GCC_C_LANGUAGE_STANDARD = gnu99;
				GCC_NO_COMMON_BLOCKS = YES;
				GCC_WARN_64_TO_32_BIT_CONVERSION = YES;
				GCC_WARN_ABOUT_RETURN_TYPE = YES_ERROR;
				GCC_WARN_UNDECLARED_SELECTOR = YES;
				GCC_WARN_UNINITIALIZED_AUTOS = YES_AGGRESSIVE;
				GCC_WARN_UNUSED_FUNCTION = YES;
				GCC_WARN_UNUSED_VARIABLE = YES;
				IPHONEOS_DEPLOYMENT_TARGET = 10.2;
				MTL_ENABLE_DEBUG_INFO = NO;
				SDKROOT = iphoneos;
				SWIFT_OPTIMIZATION_LEVEL = "-Owholemodule";
				VALIDATE_PRODUCT = YES;
			};
			name = Release;
		};
		8C0A3B241E7A18D100E73F71 /* Debug */ = {
			isa = XCBuildConfiguration;
			baseConfigurationReference = 84738B190A95E7813855AB79 /* Pods-ChargeBackDemo.debug.xcconfig */;
			buildSettings = {
				ALWAYS_EMBED_SWIFT_STANDARD_LIBRARIES = YES;
				DEVELOPMENT_TEAM = 4F3EA6B935;
				INFOPLIST_FILE = ChargeBack/Info.plist;
				LD_RUNPATH_SEARCH_PATHS = "$(inherited) @executable_path/Frameworks";
				PRODUCT_BUNDLE_IDENTIFIER = fr.asapps.ChargeBack;
				PRODUCT_NAME = "$(TARGET_NAME)";
				SWIFT_VERSION = 3.0;
			};
			name = Debug;
		};
		8C0A3B251E7A18D100E73F71 /* Release */ = {
			isa = XCBuildConfiguration;
			baseConfigurationReference = 76887013B05D5BC10097693B /* Pods-ChargeBackDemo.release.xcconfig */;
			buildSettings = {
				ALWAYS_EMBED_SWIFT_STANDARD_LIBRARIES = YES;
				DEVELOPMENT_TEAM = 4F3EA6B935;
				INFOPLIST_FILE = ChargeBack/Info.plist;
				LD_RUNPATH_SEARCH_PATHS = "$(inherited) @executable_path/Frameworks";
				PRODUCT_BUNDLE_IDENTIFIER = fr.asapps.ChargeBack;
				PRODUCT_NAME = "$(TARGET_NAME)";
				SWIFT_VERSION = 3.0;
			};
			name = Release;
		};
		8CE4E0EE1E82A3CF00535C6C /* Debug */ = {
			isa = XCBuildConfiguration;
			baseConfigurationReference = 8AC34ED2C1A96B867231D74D /* Pods-ChargeBack.debug.xcconfig */;
			buildSettings = {
				CODE_SIGN_IDENTITY = "";
				CURRENT_PROJECT_VERSION = 1;
				DEFINES_MODULE = YES;
				DEVELOPMENT_TEAM = 4F3EA6B935;
				DYLIB_COMPATIBILITY_VERSION = 1;
				DYLIB_CURRENT_VERSION = 1;
				DYLIB_INSTALL_NAME_BASE = "@rpath";
				INFOPLIST_FILE = ChargeBack/Info.plist;
				INSTALL_PATH = "$(LOCAL_LIBRARY_DIR)/Frameworks";
				LD_RUNPATH_SEARCH_PATHS = "$(inherited) @executable_path/Frameworks @loader_path/Frameworks";
				PRODUCT_BUNDLE_IDENTIFIER = fr.asapps.ChargeBack;
				PRODUCT_NAME = "$(TARGET_NAME)";
				SKIP_INSTALL = YES;
				SWIFT_VERSION = 3.0;
				TARGETED_DEVICE_FAMILY = "1,2";
				VERSIONING_SYSTEM = "apple-generic";
				VERSION_INFO_PREFIX = "";
			};
			name = Debug;
		};
		8CE4E0EF1E82A3CF00535C6C /* Release */ = {
			isa = XCBuildConfiguration;
			baseConfigurationReference = 924FBFEE1E54438CE0428D72 /* Pods-ChargeBack.release.xcconfig */;
			buildSettings = {
				CODE_SIGN_IDENTITY = "";
				CURRENT_PROJECT_VERSION = 1;
				DEFINES_MODULE = YES;
				DEVELOPMENT_TEAM = 4F3EA6B935;
				DYLIB_COMPATIBILITY_VERSION = 1;
				DYLIB_CURRENT_VERSION = 1;
				DYLIB_INSTALL_NAME_BASE = "@rpath";
				INFOPLIST_FILE = ChargeBack/Info.plist;
				INSTALL_PATH = "$(LOCAL_LIBRARY_DIR)/Frameworks";
				LD_RUNPATH_SEARCH_PATHS = "$(inherited) @executable_path/Frameworks @loader_path/Frameworks";
				PRODUCT_BUNDLE_IDENTIFIER = fr.asapps.ChargeBack;
				PRODUCT_NAME = "$(TARGET_NAME)";
				SKIP_INSTALL = YES;
				SWIFT_VERSION = 3.0;
				TARGETED_DEVICE_FAMILY = "1,2";
				VERSIONING_SYSTEM = "apple-generic";
				VERSION_INFO_PREFIX = "";
			};
			name = Release;
		};
		8CE4E0F11E82A3CF00535C6C /* Debug */ = {
			isa = XCBuildConfiguration;
			buildSettings = {
				ALWAYS_EMBED_SWIFT_STANDARD_LIBRARIES = YES;
				DEVELOPMENT_TEAM = 4F3EA6B935;
				INFOPLIST_FILE = ChargeBackTests/Info.plist;
				LD_RUNPATH_SEARCH_PATHS = "$(inherited) @executable_path/Frameworks @loader_path/Frameworks";
				PRODUCT_BUNDLE_IDENTIFIER = fr.asapps.ChargeBackTests;
				PRODUCT_NAME = "$(TARGET_NAME)";
				SWIFT_VERSION = 3.0;
				TEST_HOST = "$(BUILT_PRODUCTS_DIR)/ChargeBackDemo.app/ChargeBackDemo";
			};
			name = Debug;
		};
		8CE4E0F21E82A3CF00535C6C /* Release */ = {
			isa = XCBuildConfiguration;
			buildSettings = {
				ALWAYS_EMBED_SWIFT_STANDARD_LIBRARIES = YES;
				DEVELOPMENT_TEAM = 4F3EA6B935;
				INFOPLIST_FILE = ChargeBackTests/Info.plist;
				LD_RUNPATH_SEARCH_PATHS = "$(inherited) @executable_path/Frameworks @loader_path/Frameworks";
				PRODUCT_BUNDLE_IDENTIFIER = fr.asapps.ChargeBackTests;
				PRODUCT_NAME = "$(TARGET_NAME)";
				SWIFT_VERSION = 3.0;
				TEST_HOST = "$(BUILT_PRODUCTS_DIR)/ChargeBackDemo.app/ChargeBackDemo";
			};
			name = Release;
		};
/* End XCBuildConfiguration section */

/* Begin XCConfigurationList section */
		8C0A3AF61E7A18D100E73F71 /* Build configuration list for PBXProject "ChargeBackDemo" */ = {
			isa = XCConfigurationList;
			buildConfigurations = (
				8C0A3B211E7A18D100E73F71 /* Debug */,
				8C0A3B221E7A18D100E73F71 /* Release */,
			);
			defaultConfigurationIsVisible = 0;
			defaultConfigurationName = Release;
		};
		8C0A3B231E7A18D100E73F71 /* Build configuration list for PBXNativeTarget "ChargeBackDemo" */ = {
			isa = XCConfigurationList;
			buildConfigurations = (
				8C0A3B241E7A18D100E73F71 /* Debug */,
				8C0A3B251E7A18D100E73F71 /* Release */,
			);
			defaultConfigurationIsVisible = 0;
			defaultConfigurationName = Release;
		};
		8CE4E0ED1E82A3CF00535C6C /* Build configuration list for PBXNativeTarget "ChargeBack" */ = {
			isa = XCConfigurationList;
			buildConfigurations = (
				8CE4E0EE1E82A3CF00535C6C /* Debug */,
				8CE4E0EF1E82A3CF00535C6C /* Release */,
			);
			defaultConfigurationIsVisible = 0;
			defaultConfigurationName = Release;
		};
		8CE4E0F01E82A3CF00535C6C /* Build configuration list for PBXNativeTarget "ChargeBackTests" */ = {
			isa = XCConfigurationList;
			buildConfigurations = (
				8CE4E0F11E82A3CF00535C6C /* Debug */,
				8CE4E0F21E82A3CF00535C6C /* Release */,
			);
			defaultConfigurationIsVisible = 0;
			defaultConfigurationName = Release;
		};
/* End XCConfigurationList section */
	};
	rootObject = 8C0A3AF31E7A18D100E73F71 /* Project object */;
}
